
Microsoft Visual Studio Solution File, Format Version 12.00
# Visual Studio Version 17
VisualStudioVersion = 17.2.32526.322
MinimumVisualStudioVersion = 10.0.40219.1
Project("{FAE04EC0-301F-11D3-BF4B-00C04F79EFBC}") = "ProEventos.API", "ProEventos.API\ProEventos.API.csproj", "{AAD6B6C2-A3A5-40FF-8C76-8247FC6CA5B6}"
EndProject
Global
	GlobalSection(SolutionConfigurationPlatforms) = preSolution
		Debug|Any CPU = Debug|Any CPU
		Release|Any CPU = Release|Any CPU
	EndGlobalSection
	GlobalSection(ProjectConfigurationPlatforms) = postSolution
		{AAD6B6C2-A3A5-40FF-8C76-8247FC6CA5B6}.Debug|Any CPU.ActiveCfg = Debug|Any CPU
		{AAD6B6C2-A3A5-40FF-8C76-8247FC6CA5B6}.Debug|Any CPU.Build.0 = Debug|Any CPU
		{AAD6B6C2-A3A5-40FF-8C76-8247FC6CA5B6}.Release|Any CPU.ActiveCfg = Release|Any CPU
		{AAD6B6C2-A3A5-40FF-8C76-8247FC6CA5B6}.Release|Any CPU.Build.0 = Release|Any CPU
	EndGlobalSection
	GlobalSection(SolutionProperties) = preSolution
		HideSolutionNode = FALSE
	EndGlobalSection
	GlobalSection(ExtensibilityGlobals) = postSolution
		SolutionGuid = {06FD3F15-4513-4305-9C71-85E462AA8FB6}
	EndGlobalSection
EndGlobal
